
Microsoft Visual Studio Solution File, Format Version 12.00
# Visual Studio 15
VisualStudioVersion = 15.0.26403.7
MinimumVisualStudioVersion = 10.0.40219.1
Project("{FAE04EC0-301F-11D3-BF4B-00C04F79EFBC}") = "IEvangelist.Battleship.Models", "IEvangelist.Battleship.Models\IEvangelist.Battleship.Models.csproj", "{C2554CD2-4118-402B-A6DA-BAA6A1FC9896}"
EndProject
Project("{FAE04EC0-301F-11D3-BF4B-00C04F79EFBC}") = "IEvangelist.Battleship.Models.Tests", "IEvangelist.Battleship.Models.Tests\IEvangelist.Battleship.Models.Tests.csproj", "{73602030-7BCC-466B-BC91-5855C8161A9C}"
EndProject
Project("{FAE04EC0-301F-11D3-BF4B-00C04F79EFBC}") = "IEvangelist.Battleship.Emulator", "IEvangelist.Battleship.Emulator\IEvangelist.Battleship.Emulator.csproj", "{BC2929EB-CE0F-421B-B20A-CE28730B6342}"
EndProject
Global
	GlobalSection(SolutionConfigurationPlatforms) = preSolution
		Debug|Any CPU = Debug|Any CPU
		Release|Any CPU = Release|Any CPU
	EndGlobalSection
	GlobalSection(ProjectConfigurationPlatforms) = postSolution
		{C2554CD2-4118-402B-A6DA-BAA6A1FC9896}.Debug|Any CPU.ActiveCfg = Debug|Any CPU
		{C2554CD2-4118-402B-A6DA-BAA6A1FC9896}.Debug|Any CPU.Build.0 = Debug|Any CPU
		{C2554CD2-4118-402B-A6DA-BAA6A1FC9896}.Release|Any CPU.ActiveCfg = Release|Any CPU
		{C2554CD2-4118-402B-A6DA-BAA6A1FC9896}.Release|Any CPU.Build.0 = Release|Any CPU
		{73602030-7BCC-466B-BC91-5855C8161A9C}.Debug|Any CPU.ActiveCfg = Debug|Any CPU
		{73602030-7BCC-466B-BC91-5855C8161A9C}.Debug|Any CPU.Build.0 = Debug|Any CPU
		{73602030-7BCC-466B-BC91-5855C8161A9C}.Release|Any CPU.ActiveCfg = Release|Any CPU
		{73602030-7BCC-466B-BC91-5855C8161A9C}.Release|Any CPU.Build.0 = Release|Any CPU
		{BC2929EB-CE0F-421B-B20A-CE28730B6342}.Debug|Any CPU.ActiveCfg = Debug|Any CPU
		{BC2929EB-CE0F-421B-B20A-CE28730B6342}.Debug|Any CPU.Build.0 = Debug|Any CPU
		{BC2929EB-CE0F-421B-B20A-CE28730B6342}.Release|Any CPU.ActiveCfg = Release|Any CPU
		{BC2929EB-CE0F-421B-B20A-CE28730B6342}.Release|Any CPU.Build.0 = Release|Any CPU
	EndGlobalSection
	GlobalSection(SolutionProperties) = preSolution
		HideSolutionNode = FALSE
	EndGlobalSection
EndGlobal
